
Microsoft Visual Studio Solution File, Format Version 12.00
# Visual Studio Version 17
VisualStudioVersion = 17.13.35931.197
MinimumVisualStudioVersion = 10.0.40219.1
Project("{FAE04EC0-301F-11D3-BF4B-00C04F79EFBC}") = "Senac.SiegGestaoEscolar.Domain", "Senac.SiegGestaoEscolar.Domain\Senac.SiegGestaoEscolar.Domain.csproj", "{507E84EC-5667-4410-991F-D2C367E3BB0A}"
EndProject
Project("{FAE04EC0-301F-11D3-BF4B-00C04F79EFBC}") = "Senac.SiegGestaoEscolar.Api.Http", "Senac.SiegGestaoEscolar.Api\Senac.SiegGestaoEscolar.Api.Http.csproj", "{FD6574E8-CFBB-4FAC-9284-A315D88E194D}"
EndProject
Project("{FAE04EC0-301F-11D3-BF4B-00C04F79EFBC}") = "Senac.SiegGestaoEscolar.Models", "Senac.SiegGestaoEscolar.Models\Senac.SiegGestaoEscolar.Models.csproj", "{85E5CE9C-E630-41A8-8836-CC1E1D2E14E8}"
EndProject
Project("{FAE04EC0-301F-11D3-BF4B-00C04F79EFBC}") = "Senac.SiegGestaoEscolar.Infra.Data", "Senac.SiegGestaoEscolar.Infra.Data\Senac.SiegGestaoEscolar.Infra.Data.csproj", "{B38F18CB-4EA0-EEE6-81D1-23DB04AC6ACB}"
EndProject
Global
	GlobalSection(SolutionConfigurationPlatforms) = preSolution
		Debug|Any CPU = Debug|Any CPU
		Release|Any CPU = Release|Any CPU
	EndGlobalSection
	GlobalSection(ProjectConfigurationPlatforms) = postSolution
		{507E84EC-5667-4410-991F-D2C367E3BB0A}.Debug|Any CPU.ActiveCfg = Debug|Any CPU
		{507E84EC-5667-4410-991F-D2C367E3BB0A}.Debug|Any CPU.Build.0 = Debug|Any CPU
		{507E84EC-5667-4410-991F-D2C367E3BB0A}.Release|Any CPU.ActiveCfg = Release|Any CPU
		{507E84EC-5667-4410-991F-D2C367E3BB0A}.Release|Any CPU.Build.0 = Release|Any CPU
		{FD6574E8-CFBB-4FAC-9284-A315D88E194D}.Debug|Any CPU.ActiveCfg = Debug|Any CPU
		{FD6574E8-CFBB-4FAC-9284-A315D88E194D}.Debug|Any CPU.Build.0 = Debug|Any CPU
		{FD6574E8-CFBB-4FAC-9284-A315D88E194D}.Release|Any CPU.ActiveCfg = Release|Any CPU
		{FD6574E8-CFBB-4FAC-9284-A315D88E194D}.Release|Any CPU.Build.0 = Release|Any CPU
		{85E5CE9C-E630-41A8-8836-CC1E1D2E14E8}.Debug|Any CPU.ActiveCfg = Debug|Any CPU
		{85E5CE9C-E630-41A8-8836-CC1E1D2E14E8}.Debug|Any CPU.Build.0 = Debug|Any CPU
		{85E5CE9C-E630-41A8-8836-CC1E1D2E14E8}.Release|Any CPU.ActiveCfg = Release|Any CPU
		{85E5CE9C-E630-41A8-8836-CC1E1D2E14E8}.Release|Any CPU.Build.0 = Release|Any CPU
		{B38F18CB-4EA0-EEE6-81D1-23DB04AC6ACB}.Debug|Any CPU.ActiveCfg = Debug|Any CPU
		{B38F18CB-4EA0-EEE6-81D1-23DB04AC6ACB}.Debug|Any CPU.Build.0 = Debug|Any CPU
		{B38F18CB-4EA0-EEE6-81D1-23DB04AC6ACB}.Release|Any CPU.ActiveCfg = Release|Any CPU
		{B38F18CB-4EA0-EEE6-81D1-23DB04AC6ACB}.Release|Any CPU.Build.0 = Release|Any CPU
	EndGlobalSection
	GlobalSection(SolutionProperties) = preSolution
		HideSolutionNode = FALSE
	EndGlobalSection
	GlobalSection(ExtensibilityGlobals) = postSolution
		SolutionGuid = {33EE723E-70C7-4BC0-A1A7-9E9858AC4543}
	EndGlobalSection
EndGlobal
